
Microsoft Visual Studio Solution File, Format Version 11.00
# Visual Studio 2010
Project("{FAE04EC0-301F-11D3-BF4B-00C04F79EFBC}") = "TennisGameTests", "KataTennis\TennisGameTests.csproj", "{222B4459-3436-4C93-8D92-4D8ACF1F827C}"
EndProject
Project("{2150E333-8FDC-42A3-9474-1A3956D46DE8}") = "Solution Items", "Solution Items", "{2BBAD261-AC42-468A-BA52-150899702B87}"
	ProjectSection(SolutionItems) = preProject
		KataTennis.vsmdi = KataTennis.vsmdi
		Local.testsettings = Local.testsettings
		TraceAndTestImpact.testsettings = TraceAndTestImpact.testsettings
	EndProjectSection
EndProject
Project("{FAE04EC0-301F-11D3-BF4B-00C04F79EFBC}") = "TennisGame", "TennisGame\TennisGame.csproj", "{1DA07C65-AD52-4059-8E90-664A5B7E1C96}"
EndProject
Project("{FAE04EC0-301F-11D3-BF4B-00C04F79EFBC}") = "TennisDemo", "TennisDemo\TennisDemo.csproj", "{3F786225-F0E7-481E-AF58-709BB163D9D7}"
EndProject
Global
	GlobalSection(TestCaseManagementSettings) = postSolution
		CategoryFile = KataTennis.vsmdi
	EndGlobalSection
	GlobalSection(SolutionConfigurationPlatforms) = preSolution
		Debug|Any CPU = Debug|Any CPU
		Debug|Mixed Platforms = Debug|Mixed Platforms
		Debug|x86 = Debug|x86
		Release|Any CPU = Release|Any CPU
		Release|Mixed Platforms = Release|Mixed Platforms
		Release|x86 = Release|x86
	EndGlobalSection
	GlobalSection(ProjectConfigurationPlatforms) = postSolution
		{222B4459-3436-4C93-8D92-4D8ACF1F827C}.Debug|Any CPU.ActiveCfg = Debug|Any CPU
		{222B4459-3436-4C93-8D92-4D8ACF1F827C}.Debug|Any CPU.Build.0 = Debug|Any CPU
		{222B4459-3436-4C93-8D92-4D8ACF1F827C}.Debug|Mixed Platforms.ActiveCfg = Debug|Any CPU
		{222B4459-3436-4C93-8D92-4D8ACF1F827C}.Debug|Mixed Platforms.Build.0 = Debug|Any CPU
		{222B4459-3436-4C93-8D92-4D8ACF1F827C}.Debug|x86.ActiveCfg = Debug|Any CPU
		{222B4459-3436-4C93-8D92-4D8ACF1F827C}.Release|Any CPU.ActiveCfg = Release|Any CPU
		{222B4459-3436-4C93-8D92-4D8ACF1F827C}.Release|Any CPU.Build.0 = Release|Any CPU
		{222B4459-3436-4C93-8D92-4D8ACF1F827C}.Release|Mixed Platforms.ActiveCfg = Release|Any CPU
		{222B4459-3436-4C93-8D92-4D8ACF1F827C}.Release|Mixed Platforms.Build.0 = Release|Any CPU
		{222B4459-3436-4C93-8D92-4D8ACF1F827C}.Release|x86.ActiveCfg = Release|Any CPU
		{1DA07C65-AD52-4059-8E90-664A5B7E1C96}.Debug|Any CPU.ActiveCfg = Debug|Any CPU
		{1DA07C65-AD52-4059-8E90-664A5B7E1C96}.Debug|Any CPU.Build.0 = Debug|Any CPU
		{1DA07C65-AD52-4059-8E90-664A5B7E1C96}.Debug|Mixed Platforms.ActiveCfg = Debug|Any CPU
		{1DA07C65-AD52-4059-8E90-664A5B7E1C96}.Debug|Mixed Platforms.Build.0 = Debug|Any CPU
		{1DA07C65-AD52-4059-8E90-664A5B7E1C96}.Debug|x86.ActiveCfg = Debug|Any CPU
		{1DA07C65-AD52-4059-8E90-664A5B7E1C96}.Release|Any CPU.ActiveCfg = Release|Any CPU
		{1DA07C65-AD52-4059-8E90-664A5B7E1C96}.Release|Any CPU.Build.0 = Release|Any CPU
		{1DA07C65-AD52-4059-8E90-664A5B7E1C96}.Release|Mixed Platforms.ActiveCfg = Release|Any CPU
		{1DA07C65-AD52-4059-8E90-664A5B7E1C96}.Release|Mixed Platforms.Build.0 = Release|Any CPU
		{1DA07C65-AD52-4059-8E90-664A5B7E1C96}.Release|x86.ActiveCfg = Release|Any CPU
		{3F786225-F0E7-481E-AF58-709BB163D9D7}.Debug|Any CPU.ActiveCfg = Debug|x86
		{3F786225-F0E7-481E-AF58-709BB163D9D7}.Debug|Mixed Platforms.ActiveCfg = Debug|x86
		{3F786225-F0E7-481E-AF58-709BB163D9D7}.Debug|Mixed Platforms.Build.0 = Debug|x86
		{3F786225-F0E7-481E-AF58-709BB163D9D7}.Debug|x86.ActiveCfg = Debug|x86
		{3F786225-F0E7-481E-AF58-709BB163D9D7}.Debug|x86.Build.0 = Debug|x86
		{3F786225-F0E7-481E-AF58-709BB163D9D7}.Release|Any CPU.ActiveCfg = Release|x86
		{3F786225-F0E7-481E-AF58-709BB163D9D7}.Release|Mixed Platforms.ActiveCfg = Release|x86
		{3F786225-F0E7-481E-AF58-709BB163D9D7}.Release|Mixed Platforms.Build.0 = Release|x86
		{3F786225-F0E7-481E-AF58-709BB163D9D7}.Release|x86.ActiveCfg = Release|x86
		{3F786225-F0E7-481E-AF58-709BB163D9D7}.Release|x86.Build.0 = Release|x86
	EndGlobalSection
	GlobalSection(SolutionProperties) = preSolution
		HideSolutionNode = FALSE
	EndGlobalSection
EndGlobal
